
Microsoft Visual Studio Solution File, Format Version 12.00
# Visual Studio Version 17
VisualStudioVersion = 17.3.32929.385
MinimumVisualStudioVersion = 10.0.40219.1
Project("{FAE04EC0-301F-11D3-BF4B-00C04F79EFBC}") = "MacroScript", "MacroScript\MacroScript.csproj", "{245872AA-4773-413C-9987-DCA4FF2C0392}"
EndProject
Global
	GlobalSection(SolutionConfigurationPlatforms) = preSolution
		Debug|Any CPU = Debug|Any CPU
		Debug|x86 = Debug|x86
		Release|Any CPU = Release|Any CPU
		Release|x86 = Release|x86
	EndGlobalSection
	GlobalSection(ProjectConfigurationPlatforms) = postSolution
		{245872AA-4773-413C-9987-DCA4FF2C0392}.Debug|Any CPU.ActiveCfg = Debug|Any CPU
		{245872AA-4773-413C-9987-DCA4FF2C0392}.Debug|Any CPU.Build.0 = Debug|Any CPU
		{245872AA-4773-413C-9987-DCA4FF2C0392}.Debug|x86.ActiveCfg = Debug|x86
		{245872AA-4773-413C-9987-DCA4FF2C0392}.Debug|x86.Build.0 = Debug|x86
		{245872AA-4773-413C-9987-DCA4FF2C0392}.Release|Any CPU.ActiveCfg = Release|Any CPU
		{245872AA-4773-413C-9987-DCA4FF2C0392}.Release|Any CPU.Build.0 = Release|Any CPU
		{245872AA-4773-413C-9987-DCA4FF2C0392}.Release|x86.ActiveCfg = Release|x86
		{245872AA-4773-413C-9987-DCA4FF2C0392}.Release|x86.Build.0 = Release|x86
	EndGlobalSection
	GlobalSection(SolutionProperties) = preSolution
		HideSolutionNode = FALSE
	EndGlobalSection
	GlobalSection(ExtensibilityGlobals) = postSolution
		SolutionGuid = {F578F90B-85DE-485A-BDBE-8ADC05F5F932}
	EndGlobalSection
EndGlobal
